
Microsoft Visual Studio Solution File, Format Version 12.00
# Visual Studio Version 16
VisualStudioVersion = 16.0.30523.141
MinimumVisualStudioVersion = 10.0.40219.1
Project("{9A19103F-16F7-4668-BE54-9A1E7A4F7556}") = "EightCare.API", "src\EightCare.API\EightCare.API.csproj", "{A68B6B16-CE25-425C-A554-C4C6E22C258B}"
EndProject
Project("{9A19103F-16F7-4668-BE54-9A1E7A4F7556}") = "EightCare.Domain.UnitTests", "tests\EightCare.UnitTests\EightCare.Domain.UnitTests.csproj", "{B6CBD1B5-6A2D-43DE-B8B4-C7DCF60F5768}"
EndProject
Project("{9A19103F-16F7-4668-BE54-9A1E7A4F7556}") = "EightCare.Domain", "src\EightCare.Domain\EightCare.Domain.csproj", "{49D4CA39-AA7F-4B4F-8AED-0A3DD158623E}"
EndProject
Project("{9A19103F-16F7-4668-BE54-9A1E7A4F7556}") = "EightCare.Infrastructure", "src\EightCare.Infrastructure\EightCare.Infrastructure.csproj", "{FEB9B07C-098F-4D33-A928-B0269D569B49}"
EndProject
Project("{2150E333-8FDC-42A3-9474-1A3956D46DE8}") = "src", "src", "{B81861C1-C9EB-4350-8D49-C68B75CB6D14}"
EndProject
Project("{2150E333-8FDC-42A3-9474-1A3956D46DE8}") = "tests", "tests", "{DBDFB2DF-3A7B-438A-99ED-7A16BAA9F75B}"
EndProject
Project("{9A19103F-16F7-4668-BE54-9A1E7A4F7556}") = "EightCare.Application", "src\EightCare.Application\EightCare.Application.csproj", "{FF104202-3747-44A3-A8D5-985406BC3E1E}"
EndProject
Project("{9A19103F-16F7-4668-BE54-9A1E7A4F7556}") = "EightCare.Infrastructure.UnitTests", "tests\EightCare.Infrastructure.UnitTests\EightCare.Infrastructure.UnitTests.csproj", "{12A40ECA-D38F-4693-B278-84D340514C85}"
EndProject
Project("{9A19103F-16F7-4668-BE54-9A1E7A4F7556}") = "EightCare.Application.UnitTests", "tests\EightCare.Application.UnitTests\EightCare.Application.UnitTests.csproj", "{8AE4B7C2-B301-4785-9EE9-4A2DAEA7A971}"
EndProject
Project("{2150E333-8FDC-42A3-9474-1A3956D46DE8}") = "Solution Items", "Solution Items", "{45E904A3-E35E-437D-93FD-ACF76D217BB5}"
	ProjectSection(SolutionItems) = preProject
		.editorconfig = .editorconfig
		.gitattributes = .gitattributes
		.gitignore = .gitignore
		README.md = README.md
	EndProjectSection
EndProject
Project("{2150E333-8FDC-42A3-9474-1A3956D46DE8}") = "workflows", "workflows", "{F2893A06-7EE8-4660-A5A0-61387B78D1B7}"
	ProjectSection(SolutionItems) = preProject
		.github\workflows\dotnet-pr-build.yml = .github\workflows\dotnet-pr-build.yml
		.github\workflows\dotnet-sonar-build.yml = .github\workflows\dotnet-sonar-build.yml
	EndProjectSection
EndProject
Project("{9A19103F-16F7-4668-BE54-9A1E7A4F7556}") = "EightCare.API.IntegrationTests", "tests\EightCare.API.IntegrationTests\EightCare.API.IntegrationTests.csproj", "{2F72C153-5606-4503-87EA-AEB8C393B41E}"
EndProject
Project("{FAE04EC0-301F-11D3-BF4B-00C04F79EFBC}") = "EightCare.API.UnitTests", "tests\EightCare.API.UnitTests\EightCare.API.UnitTests.csproj", "{BF45F07B-D6B1-429D-8400-8AD7D17355CE}"
EndProject
Global
	GlobalSection(SolutionConfigurationPlatforms) = preSolution
		Debug|Any CPU = Debug|Any CPU
		Release|Any CPU = Release|Any CPU
	EndGlobalSection
	GlobalSection(ProjectConfigurationPlatforms) = postSolution
		{A68B6B16-CE25-425C-A554-C4C6E22C258B}.Debug|Any CPU.ActiveCfg = Debug|Any CPU
		{A68B6B16-CE25-425C-A554-C4C6E22C258B}.Debug|Any CPU.Build.0 = Debug|Any CPU
		{A68B6B16-CE25-425C-A554-C4C6E22C258B}.Release|Any CPU.ActiveCfg = Release|Any CPU
		{A68B6B16-CE25-425C-A554-C4C6E22C258B}.Release|Any CPU.Build.0 = Release|Any CPU
		{B6CBD1B5-6A2D-43DE-B8B4-C7DCF60F5768}.Debug|Any CPU.ActiveCfg = Debug|Any CPU
		{B6CBD1B5-6A2D-43DE-B8B4-C7DCF60F5768}.Debug|Any CPU.Build.0 = Debug|Any CPU
		{B6CBD1B5-6A2D-43DE-B8B4-C7DCF60F5768}.Release|Any CPU.ActiveCfg = Release|Any CPU
		{B6CBD1B5-6A2D-43DE-B8B4-C7DCF60F5768}.Release|Any CPU.Build.0 = Release|Any CPU
		{49D4CA39-AA7F-4B4F-8AED-0A3DD158623E}.Debug|Any CPU.ActiveCfg = Debug|Any CPU
		{49D4CA39-AA7F-4B4F-8AED-0A3DD158623E}.Debug|Any CPU.Build.0 = Debug|Any CPU
		{49D4CA39-AA7F-4B4F-8AED-0A3DD158623E}.Release|Any CPU.ActiveCfg = Release|Any CPU
		{49D4CA39-AA7F-4B4F-8AED-0A3DD158623E}.Release|Any CPU.Build.0 = Release|Any CPU
		{FEB9B07C-098F-4D33-A928-B0269D569B49}.Debug|Any CPU.ActiveCfg = Debug|Any CPU
		{FEB9B07C-098F-4D33-A928-B0269D569B49}.Debug|Any CPU.Build.0 = Debug|Any CPU
		{FEB9B07C-098F-4D33-A928-B0269D569B49}.Release|Any CPU.ActiveCfg = Release|Any CPU
		{FEB9B07C-098F-4D33-A928-B0269D569B49}.Release|Any CPU.Build.0 = Release|Any CPU
		{FF104202-3747-44A3-A8D5-985406BC3E1E}.Debug|Any CPU.ActiveCfg = Debug|Any CPU
		{FF104202-3747-44A3-A8D5-985406BC3E1E}.Debug|Any CPU.Build.0 = Debug|Any CPU
		{FF104202-3747-44A3-A8D5-985406BC3E1E}.Release|Any CPU.ActiveCfg = Release|Any CPU
		{FF104202-3747-44A3-A8D5-985406BC3E1E}.Release|Any CPU.Build.0 = Release|Any CPU
		{12A40ECA-D38F-4693-B278-84D340514C85}.Debug|Any CPU.ActiveCfg = Debug|Any CPU
		{12A40ECA-D38F-4693-B278-84D340514C85}.Debug|Any CPU.Build.0 = Debug|Any CPU
		{12A40ECA-D38F-4693-B278-84D340514C85}.Release|Any CPU.ActiveCfg = Release|Any CPU
		{12A40ECA-D38F-4693-B278-84D340514C85}.Release|Any CPU.Build.0 = Release|Any CPU
		{8AE4B7C2-B301-4785-9EE9-4A2DAEA7A971}.Debug|Any CPU.ActiveCfg = Debug|Any CPU
		{8AE4B7C2-B301-4785-9EE9-4A2DAEA7A971}.Debug|Any CPU.Build.0 = Debug|Any CPU
		{8AE4B7C2-B301-4785-9EE9-4A2DAEA7A971}.Release|Any CPU.ActiveCfg = Release|Any CPU
		{8AE4B7C2-B301-4785-9EE9-4A2DAEA7A971}.Release|Any CPU.Build.0 = Release|Any CPU
		{2F72C153-5606-4503-87EA-AEB8C393B41E}.Debug|Any CPU.ActiveCfg = Debug|Any CPU
		{2F72C153-5606-4503-87EA-AEB8C393B41E}.Debug|Any CPU.Build.0 = Debug|Any CPU
		{2F72C153-5606-4503-87EA-AEB8C393B41E}.Release|Any CPU.ActiveCfg = Release|Any CPU
		{2F72C153-5606-4503-87EA-AEB8C393B41E}.Release|Any CPU.Build.0 = Release|Any CPU
		{BF45F07B-D6B1-429D-8400-8AD7D17355CE}.Debug|Any CPU.ActiveCfg = Debug|Any CPU
		{BF45F07B-D6B1-429D-8400-8AD7D17355CE}.Debug|Any CPU.Build.0 = Debug|Any CPU
		{BF45F07B-D6B1-429D-8400-8AD7D17355CE}.Release|Any CPU.ActiveCfg = Release|Any CPU
		{BF45F07B-D6B1-429D-8400-8AD7D17355CE}.Release|Any CPU.Build.0 = Release|Any CPU
	EndGlobalSection
	GlobalSection(SolutionProperties) = preSolution
		HideSolutionNode = FALSE
	EndGlobalSection
	GlobalSection(NestedProjects) = preSolution
		{A68B6B16-CE25-425C-A554-C4C6E22C258B} = {B81861C1-C9EB-4350-8D49-C68B75CB6D14}
		{B6CBD1B5-6A2D-43DE-B8B4-C7DCF60F5768} = {DBDFB2DF-3A7B-438A-99ED-7A16BAA9F75B}
		{49D4CA39-AA7F-4B4F-8AED-0A3DD158623E} = {B81861C1-C9EB-4350-8D49-C68B75CB6D14}
		{FEB9B07C-098F-4D33-A928-B0269D569B49} = {B81861C1-C9EB-4350-8D49-C68B75CB6D14}
		{FF104202-3747-44A3-A8D5-985406BC3E1E} = {B81861C1-C9EB-4350-8D49-C68B75CB6D14}
		{12A40ECA-D38F-4693-B278-84D340514C85} = {DBDFB2DF-3A7B-438A-99ED-7A16BAA9F75B}
		{8AE4B7C2-B301-4785-9EE9-4A2DAEA7A971} = {DBDFB2DF-3A7B-438A-99ED-7A16BAA9F75B}
		{F2893A06-7EE8-4660-A5A0-61387B78D1B7} = {45E904A3-E35E-437D-93FD-ACF76D217BB5}
		{2F72C153-5606-4503-87EA-AEB8C393B41E} = {DBDFB2DF-3A7B-438A-99ED-7A16BAA9F75B}
		{BF45F07B-D6B1-429D-8400-8AD7D17355CE} = {DBDFB2DF-3A7B-438A-99ED-7A16BAA9F75B}
	EndGlobalSection
	GlobalSection(ExtensibilityGlobals) = postSolution
		SolutionGuid = {213762BB-98D6-4CB7-90BF-B3D049E12497}
	EndGlobalSection
EndGlobal
